
Microsoft Visual Studio Solution File, Format Version 12.00
# Visual Studio Version 17
VisualStudioVersion = 17.9.34714.143
MinimumVisualStudioVersion = 10.0.40219.1
Project("{FAE04EC0-301F-11D3-BF4B-00C04F79EFBC}") = "PageObjectTask", "PageObjectTask.csproj", "{C97476D9-4830-430D-A91E-81695A15E007}"
EndProject
Global
	GlobalSection(SolutionConfigurationPlatforms) = preSolution
		Debug|Any CPU = Debug|Any CPU
		Release|Any CPU = Release|Any CPU
	EndGlobalSection
	GlobalSection(ProjectConfigurationPlatforms) = postSolution
		{C97476D9-4830-430D-A91E-81695A15E007}.Debug|Any CPU.ActiveCfg = Debug|Any CPU
		{C97476D9-4830-430D-A91E-81695A15E007}.Debug|Any CPU.Build.0 = Debug|Any CPU
		{C97476D9-4830-430D-A91E-81695A15E007}.Release|Any CPU.ActiveCfg = Release|Any CPU
		{C97476D9-4830-430D-A91E-81695A15E007}.Release|Any CPU.Build.0 = Release|Any CPU
	EndGlobalSection
	GlobalSection(SolutionProperties) = preSolution
		HideSolutionNode = FALSE
	EndGlobalSection
	GlobalSection(ExtensibilityGlobals) = postSolution
		SolutionGuid = {EB1265DD-8022-4974-8B0F-CE95389B7D0C}
	EndGlobalSection
EndGlobal
